
Microsoft Visual Studio Solution File, Format Version 12.00
# Visual Studio Version 17
VisualStudioVersion = 17.3.32929.385
MinimumVisualStudioVersion = 10.0.40219.1
Project("{FAE04EC0-301F-11D3-BF4B-00C04F79EFBC}") = "CS-Game-Of-Life", "CS-Game-Of-Life\CS-Game-Of-Life.csproj", "{36E5EA42-5EED-418B-97B5-208E0D6FD381}"
EndProject
Global
	GlobalSection(SolutionConfigurationPlatforms) = preSolution
		Debug|Any CPU = Debug|Any CPU
		Release|Any CPU = Release|Any CPU
	EndGlobalSection
	GlobalSection(ProjectConfigurationPlatforms) = postSolution
		{36E5EA42-5EED-418B-97B5-208E0D6FD381}.Debug|Any CPU.ActiveCfg = Debug|Any CPU
		{36E5EA42-5EED-418B-97B5-208E0D6FD381}.Debug|Any CPU.Build.0 = Debug|Any CPU
		{36E5EA42-5EED-418B-97B5-208E0D6FD381}.Release|Any CPU.ActiveCfg = Release|Any CPU
		{36E5EA42-5EED-418B-97B5-208E0D6FD381}.Release|Any CPU.Build.0 = Release|Any CPU
	EndGlobalSection
	GlobalSection(SolutionProperties) = preSolution
		HideSolutionNode = FALSE
	EndGlobalSection
	GlobalSection(ExtensibilityGlobals) = postSolution
		SolutionGuid = {CB9EFDB0-9481-4A50-BB12-1A9A802E0DAA}
	EndGlobalSection
EndGlobal
